
Microsoft Visual Studio Solution File, Format Version 12.00
# Visual Studio 15
VisualStudioVersion = 15.0.28307.539
MinimumVisualStudioVersion = 10.0.40219.1
Project("{FAE04EC0-301F-11D3-BF4B-00C04F79EFBC}") = "lab_at_yarisi", "lab_at_yarisi\lab_at_yarisi.csproj", "{14247D72-5636-4289-B98A-A0C3FE90E1C9}"
EndProject
Global
	GlobalSection(SolutionConfigurationPlatforms) = preSolution
		Debug|Any CPU = Debug|Any CPU
		Release|Any CPU = Release|Any CPU
	EndGlobalSection
	GlobalSection(ProjectConfigurationPlatforms) = postSolution
		{14247D72-5636-4289-B98A-A0C3FE90E1C9}.Debug|Any CPU.ActiveCfg = Debug|Any CPU
		{14247D72-5636-4289-B98A-A0C3FE90E1C9}.Debug|Any CPU.Build.0 = Debug|Any CPU
		{14247D72-5636-4289-B98A-A0C3FE90E1C9}.Release|Any CPU.ActiveCfg = Release|Any CPU
		{14247D72-5636-4289-B98A-A0C3FE90E1C9}.Release|Any CPU.Build.0 = Release|Any CPU
	EndGlobalSection
	GlobalSection(SolutionProperties) = preSolution
		HideSolutionNode = FALSE
	EndGlobalSection
	GlobalSection(ExtensibilityGlobals) = postSolution
		SolutionGuid = {3206BC2B-7908-4F57-BB25-66A66AB07383}
	EndGlobalSection
EndGlobal
